
Microsoft Visual Studio Solution File, Format Version 12.00
# Visual Studio Version 16
VisualStudioVersion = 16.0.29806.167
MinimumVisualStudioVersion = 10.0.40219.1
Project("{FAE04EC0-301F-11D3-BF4B-00C04F79EFBC}") = "BaiTapLoiChao", "BaiTapLoiChao\BaiTapLoiChao.csproj", "{B4B3EBEA-D5EA-48B2-A61B-CCEE49C9F4E7}"
EndProject
Project("{FAE04EC0-301F-11D3-BF4B-00C04F79EFBC}") = "BaiTapCacHamLuongGiac", "BaiTapCacHamLuongGiac\BaiTapCacHamLuongGiac.csproj", "{A5986E70-FF28-4A53-918D-E4BF10E2FB0A}"
EndProject
Project("{FAE04EC0-301F-11D3-BF4B-00C04F79EFBC}") = "BaiTapTinhChuViDienTichTamGiac", "BaiTapTinhChuViDienTichTamGiac\BaiTapTinhChuViDienTichTamGiac.csproj", "{E4C72BB9-A5AA-44A8-9DBD-073C4EAF2B5D}"
EndProject
Project("{FAE04EC0-301F-11D3-BF4B-00C04F79EFBC}") = "BaiTapGiaiPhuongTrinhBac1", "GiaiPhuongTrinhBac1\BaiTapGiaiPhuongTrinhBac1.csproj", "{B07B2422-90B3-4AE1-816C-8260A4AEC4AB}"
EndProject
Project("{FAE04EC0-301F-11D3-BF4B-00C04F79EFBC}") = "BaiTapGiaiPhuongTrinhBac2", "GiaiPhuongTrinhBac2\BaiTapGiaiPhuongTrinhBac2.csproj", "{23C76C15-76CA-40F6-8E48-2AF27807B228}"
EndProject
Project("{FAE04EC0-301F-11D3-BF4B-00C04F79EFBC}") = "BaiTapTimSoGaSoCho", "BaiTapTimSoGaSoCho\BaiTapTimSoGaSoCho.csproj", "{32E46B31-DAE1-4FB1-8C91-A9DCA55606C8}"
EndProject
Project("{FAE04EC0-301F-11D3-BF4B-00C04F79EFBC}") = "BaiTapThaoTacSo", "BaiTapThaoTacSo\BaiTapThaoTacSo.csproj", "{4EF1389B-5C69-4C2B-BDBD-E66ADAC5251C}"
EndProject
Project("{FAE04EC0-301F-11D3-BF4B-00C04F79EFBC}") = "BaiTapTinhDienTich", "BaiTapTinhDienTich\BaiTapTinhDienTich.csproj", "{2A4A88F6-EFFC-4047-AD92-EA04B34C42B2}"
EndProject
Project("{FAE04EC0-301F-11D3-BF4B-00C04F79EFBC}") = "BaiTapTinhTongSoChuoi", "BaiTapTinhTongSoChuoi\BaiTapTinhTongSoChuoi.csproj", "{795159B5-1D20-4B9B-99E3-F8D262ECB0ED}"
EndProject
Global
	GlobalSection(SolutionConfigurationPlatforms) = preSolution
		Debug|Any CPU = Debug|Any CPU
		Release|Any CPU = Release|Any CPU
	EndGlobalSection
	GlobalSection(ProjectConfigurationPlatforms) = postSolution
		{B4B3EBEA-D5EA-48B2-A61B-CCEE49C9F4E7}.Debug|Any CPU.ActiveCfg = Debug|Any CPU
		{B4B3EBEA-D5EA-48B2-A61B-CCEE49C9F4E7}.Debug|Any CPU.Build.0 = Debug|Any CPU
		{B4B3EBEA-D5EA-48B2-A61B-CCEE49C9F4E7}.Release|Any CPU.ActiveCfg = Release|Any CPU
		{B4B3EBEA-D5EA-48B2-A61B-CCEE49C9F4E7}.Release|Any CPU.Build.0 = Release|Any CPU
		{A5986E70-FF28-4A53-918D-E4BF10E2FB0A}.Debug|Any CPU.ActiveCfg = Debug|Any CPU
		{A5986E70-FF28-4A53-918D-E4BF10E2FB0A}.Debug|Any CPU.Build.0 = Debug|Any CPU
		{A5986E70-FF28-4A53-918D-E4BF10E2FB0A}.Release|Any CPU.ActiveCfg = Release|Any CPU
		{A5986E70-FF28-4A53-918D-E4BF10E2FB0A}.Release|Any CPU.Build.0 = Release|Any CPU
		{E4C72BB9-A5AA-44A8-9DBD-073C4EAF2B5D}.Debug|Any CPU.ActiveCfg = Debug|Any CPU
		{E4C72BB9-A5AA-44A8-9DBD-073C4EAF2B5D}.Debug|Any CPU.Build.0 = Debug|Any CPU
		{E4C72BB9-A5AA-44A8-9DBD-073C4EAF2B5D}.Release|Any CPU.ActiveCfg = Release|Any CPU
		{E4C72BB9-A5AA-44A8-9DBD-073C4EAF2B5D}.Release|Any CPU.Build.0 = Release|Any CPU
		{B07B2422-90B3-4AE1-816C-8260A4AEC4AB}.Debug|Any CPU.ActiveCfg = Debug|Any CPU
		{B07B2422-90B3-4AE1-816C-8260A4AEC4AB}.Debug|Any CPU.Build.0 = Debug|Any CPU
		{B07B2422-90B3-4AE1-816C-8260A4AEC4AB}.Release|Any CPU.ActiveCfg = Release|Any CPU
		{B07B2422-90B3-4AE1-816C-8260A4AEC4AB}.Release|Any CPU.Build.0 = Release|Any CPU
		{23C76C15-76CA-40F6-8E48-2AF27807B228}.Debug|Any CPU.ActiveCfg = Debug|Any CPU
		{23C76C15-76CA-40F6-8E48-2AF27807B228}.Debug|Any CPU.Build.0 = Debug|Any CPU
		{23C76C15-76CA-40F6-8E48-2AF27807B228}.Release|Any CPU.ActiveCfg = Release|Any CPU
		{23C76C15-76CA-40F6-8E48-2AF27807B228}.Release|Any CPU.Build.0 = Release|Any CPU
		{32E46B31-DAE1-4FB1-8C91-A9DCA55606C8}.Debug|Any CPU.ActiveCfg = Debug|Any CPU
		{32E46B31-DAE1-4FB1-8C91-A9DCA55606C8}.Debug|Any CPU.Build.0 = Debug|Any CPU
		{32E46B31-DAE1-4FB1-8C91-A9DCA55606C8}.Release|Any CPU.ActiveCfg = Release|Any CPU
		{32E46B31-DAE1-4FB1-8C91-A9DCA55606C8}.Release|Any CPU.Build.0 = Release|Any CPU
		{4EF1389B-5C69-4C2B-BDBD-E66ADAC5251C}.Debug|Any CPU.ActiveCfg = Debug|Any CPU
		{4EF1389B-5C69-4C2B-BDBD-E66ADAC5251C}.Debug|Any CPU.Build.0 = Debug|Any CPU
		{4EF1389B-5C69-4C2B-BDBD-E66ADAC5251C}.Release|Any CPU.ActiveCfg = Release|Any CPU
		{4EF1389B-5C69-4C2B-BDBD-E66ADAC5251C}.Release|Any CPU.Build.0 = Release|Any CPU
		{2A4A88F6-EFFC-4047-AD92-EA04B34C42B2}.Debug|Any CPU.ActiveCfg = Debug|Any CPU
		{2A4A88F6-EFFC-4047-AD92-EA04B34C42B2}.Debug|Any CPU.Build.0 = Debug|Any CPU
		{2A4A88F6-EFFC-4047-AD92-EA04B34C42B2}.Release|Any CPU.ActiveCfg = Release|Any CPU
		{2A4A88F6-EFFC-4047-AD92-EA04B34C42B2}.Release|Any CPU.Build.0 = Release|Any CPU
		{795159B5-1D20-4B9B-99E3-F8D262ECB0ED}.Debug|Any CPU.ActiveCfg = Debug|Any CPU
		{795159B5-1D20-4B9B-99E3-F8D262ECB0ED}.Debug|Any CPU.Build.0 = Debug|Any CPU
		{795159B5-1D20-4B9B-99E3-F8D262ECB0ED}.Release|Any CPU.ActiveCfg = Release|Any CPU
		{795159B5-1D20-4B9B-99E3-F8D262ECB0ED}.Release|Any CPU.Build.0 = Release|Any CPU
	EndGlobalSection
	GlobalSection(SolutionProperties) = preSolution
		HideSolutionNode = FALSE
	EndGlobalSection
	GlobalSection(ExtensibilityGlobals) = postSolution
		SolutionGuid = {946CC282-1DDE-49AD-8AD4-DB4DA4133480}
	EndGlobalSection
EndGlobal
